
Microsoft Visual Studio Solution File, Format Version 12.00
# Visual Studio Version 17
VisualStudioVersion = 17.0.32112.339
MinimumVisualStudioVersion = 10.0.40219.1
Project("{FAE04EC0-301F-11D3-BF4B-00C04F79EFBC}") = "PracticeNotice", "PracticeNotice\PracticeNotice.csproj", "{21ED21CF-29C5-43B9-9DAB-1BF990A1BCA9}"
EndProject
Global
	GlobalSection(SolutionConfigurationPlatforms) = preSolution
		Debug|Any CPU = Debug|Any CPU
		Release|Any CPU = Release|Any CPU
	EndGlobalSection
	GlobalSection(ProjectConfigurationPlatforms) = postSolution
		{21ED21CF-29C5-43B9-9DAB-1BF990A1BCA9}.Debug|Any CPU.ActiveCfg = Debug|Any CPU
		{21ED21CF-29C5-43B9-9DAB-1BF990A1BCA9}.Debug|Any CPU.Build.0 = Debug|Any CPU
		{21ED21CF-29C5-43B9-9DAB-1BF990A1BCA9}.Release|Any CPU.ActiveCfg = Release|Any CPU
		{21ED21CF-29C5-43B9-9DAB-1BF990A1BCA9}.Release|Any CPU.Build.0 = Release|Any CPU
	EndGlobalSection
	GlobalSection(SolutionProperties) = preSolution
		HideSolutionNode = FALSE
	EndGlobalSection
	GlobalSection(ExtensibilityGlobals) = postSolution
		SolutionGuid = {1FDB738B-377F-45D3-A19C-4057DC621D2D}
	EndGlobalSection
EndGlobal
