
Microsoft Visual Studio Solution File, Format Version 12.00
# Visual Studio Version 16
VisualStudioVersion = 16.0.810.16
MinimumVisualStudioVersion = 10.0.40219.1
Project("{FAE04EC0-301F-11D3-BF4B-00C04F79EFBC}") = "MyWeb.HomeWeb", "MyWeb.HomeWeb.csproj", "{CA7BFB22-AB21-4B16-BB88-424A90974DDF}"
EndProject
Global
	GlobalSection(SolutionConfigurationPlatforms) = preSolution
		Debug|Any CPU = Debug|Any CPU
		Release|Any CPU = Release|Any CPU
	EndGlobalSection
	GlobalSection(ProjectConfigurationPlatforms) = postSolution
		{CA7BFB22-AB21-4B16-BB88-424A90974DDF}.Debug|Any CPU.ActiveCfg = Debug|Any CPU
		{CA7BFB22-AB21-4B16-BB88-424A90974DDF}.Debug|Any CPU.Build.0 = Debug|Any CPU
		{CA7BFB22-AB21-4B16-BB88-424A90974DDF}.Release|Any CPU.ActiveCfg = Release|Any CPU
		{CA7BFB22-AB21-4B16-BB88-424A90974DDF}.Release|Any CPU.Build.0 = Release|Any CPU
	EndGlobalSection
	GlobalSection(SolutionProperties) = preSolution
		HideSolutionNode = FALSE
	EndGlobalSection
	GlobalSection(ExtensibilityGlobals) = postSolution
		SolutionGuid = {2E469B06-E937-4536-AF95-EC515AACE99A}
	EndGlobalSection
EndGlobal
